
Microsoft Visual Studio Solution File, Format Version 12.00
# Visual Studio Version 16
VisualStudioVersion = 16.0.31025.194
MinimumVisualStudioVersion = 10.0.40219.1
Project("{9A19103F-16F7-4668-BE54-9A1E7A4F7556}") = "FAAI2020WebAPi", "FAAI2020WebAPi\FAAI2020WebAPi.csproj", "{7BB3BDBE-55DF-4A8B-AE18-92FE5EE87391}"
EndProject
Project("{9A19103F-16F7-4668-BE54-9A1E7A4F7556}") = "FAAI2020WebAPI_Contract", "FAAI2020WebAPI_Contract\FAAI2020WebAPI_Contract.csproj", "{944B6F5C-4F33-465C-A6D9-C478FC2A72A6}"
EndProject
Project("{9A19103F-16F7-4668-BE54-9A1E7A4F7556}") = "FAAI2020WebAPI_Services", "FAAI2020WebAPI_Services\FAAI2020WebAPI_Services.csproj", "{E249480D-3275-4AA2-AA9D-551C961E48EE}"
EndProject
Project("{FAE04EC0-301F-11D3-BF4B-00C04F79EFBC}") = "FAAI2020WebAPI_Model", "FAAI2020WebAPI_Model\FAAI2020WebAPI_Model.csproj", "{59C63F85-167D-4810-88E1-45A984D53A20}"
EndProject
Project("{FAE04EC0-301F-11D3-BF4B-00C04F79EFBC}") = "FAAI2020WebAPI_PersistentFile", "FAAI2020WebAPI_PersistentFile\FAAI2020WebAPI_PersistentFile.csproj", "{148C3C1A-695E-44AF-9D2A-E28A1FDDB9F0}"
EndProject
Global
	GlobalSection(SolutionConfigurationPlatforms) = preSolution
		Debug|Any CPU = Debug|Any CPU
		Release|Any CPU = Release|Any CPU
	EndGlobalSection
	GlobalSection(ProjectConfigurationPlatforms) = postSolution
		{7BB3BDBE-55DF-4A8B-AE18-92FE5EE87391}.Debug|Any CPU.ActiveCfg = Debug|Any CPU
		{7BB3BDBE-55DF-4A8B-AE18-92FE5EE87391}.Debug|Any CPU.Build.0 = Debug|Any CPU
		{7BB3BDBE-55DF-4A8B-AE18-92FE5EE87391}.Release|Any CPU.ActiveCfg = Release|Any CPU
		{7BB3BDBE-55DF-4A8B-AE18-92FE5EE87391}.Release|Any CPU.Build.0 = Release|Any CPU
		{944B6F5C-4F33-465C-A6D9-C478FC2A72A6}.Debug|Any CPU.ActiveCfg = Debug|Any CPU
		{944B6F5C-4F33-465C-A6D9-C478FC2A72A6}.Debug|Any CPU.Build.0 = Debug|Any CPU
		{944B6F5C-4F33-465C-A6D9-C478FC2A72A6}.Release|Any CPU.ActiveCfg = Release|Any CPU
		{944B6F5C-4F33-465C-A6D9-C478FC2A72A6}.Release|Any CPU.Build.0 = Release|Any CPU
		{E249480D-3275-4AA2-AA9D-551C961E48EE}.Debug|Any CPU.ActiveCfg = Debug|Any CPU
		{E249480D-3275-4AA2-AA9D-551C961E48EE}.Debug|Any CPU.Build.0 = Debug|Any CPU
		{E249480D-3275-4AA2-AA9D-551C961E48EE}.Release|Any CPU.ActiveCfg = Release|Any CPU
		{E249480D-3275-4AA2-AA9D-551C961E48EE}.Release|Any CPU.Build.0 = Release|Any CPU
		{59C63F85-167D-4810-88E1-45A984D53A20}.Debug|Any CPU.ActiveCfg = Debug|Any CPU
		{59C63F85-167D-4810-88E1-45A984D53A20}.Debug|Any CPU.Build.0 = Debug|Any CPU
		{59C63F85-167D-4810-88E1-45A984D53A20}.Release|Any CPU.ActiveCfg = Release|Any CPU
		{59C63F85-167D-4810-88E1-45A984D53A20}.Release|Any CPU.Build.0 = Release|Any CPU
		{148C3C1A-695E-44AF-9D2A-E28A1FDDB9F0}.Debug|Any CPU.ActiveCfg = Debug|Any CPU
		{148C3C1A-695E-44AF-9D2A-E28A1FDDB9F0}.Debug|Any CPU.Build.0 = Debug|Any CPU
		{148C3C1A-695E-44AF-9D2A-E28A1FDDB9F0}.Release|Any CPU.ActiveCfg = Release|Any CPU
		{148C3C1A-695E-44AF-9D2A-E28A1FDDB9F0}.Release|Any CPU.Build.0 = Release|Any CPU
	EndGlobalSection
	GlobalSection(SolutionProperties) = preSolution
		HideSolutionNode = FALSE
	EndGlobalSection
	GlobalSection(ExtensibilityGlobals) = postSolution
		SolutionGuid = {38436A5E-7B4A-48CD-B0E7-4C578637AE2E}
	EndGlobalSection
EndGlobal
